// !$*UTF8*$!
{
	archiveVersion = 1;
	classes = {
	};
	objectVersion = 51;
	objects = {

/* Begin PBXBuildFile section */
		19092F3723F2DE4700A2B52A /* ImageSource.swift in Sources */ = {isa = PBXBuildFile; fileRef = 19092F3623F2DE4700A2B52A /* ImageSource.swift */; };
		192A03C223DEA9A200CF0517 /* Options.swift in Sources */ = {isa = PBXBuildFile; fileRef = 192A03C123DEA9A200CF0517 /* Options.swift */; };
		1985967323E011640062A1A1 /* UpdateButton.swift in Sources */ = {isa = PBXBuildFile; fileRef = 1985967223E011640062A1A1 /* UpdateButton.swift */; };
		198C8E1D23E6B39200CB7CEE /* HistoryCollectionViewItem.xib in Resources */ = {isa = PBXBuildFile; fileRef = 198C8E1B23E6B39200CB7CEE /* HistoryCollectionViewItem.xib */; };
		19AE50F823E2BDD400F27A9C /* SimpleDesktopsSource.swift in Sources */ = {isa = PBXBuildFile; fileRef = 19AE50F723E2BDD400F27A9C /* SimpleDesktopsSource.swift */; };
		19AFE81523E6BE7F0072DAF9 /* HistoryCollectionViewItem.swift in Sources */ = {isa = PBXBuildFile; fileRef = 19AFE81423E6BE7F0072DAF9 /* HistoryCollectionViewItem.swift */; };
		19C8EC6D23DED15A006EFD9B /* Utils.swift in Sources */ = {isa = PBXBuildFile; fileRef = 19C8EC6C23DED15A006EFD9B /* Utils.swift */; };
		19D262F323C305E6000DCF10 /* AppDelegate.swift in Sources */ = {isa = PBXBuildFile; fileRef = 19D262F223C305E6000DCF10 /* AppDelegate.swift */; };
		19D262F823C305E6000DCF10 /* SimpleDesktops.xcdatamodeld in Sources */ = {isa = PBXBuildFile; fileRef = 19D262F623C305E6000DCF10 /* SimpleDesktops.xcdatamodeld */; };
		19D262FA23C305E7000DCF10 /* Assets.xcassets in Resources */ = {isa = PBXBuildFile; fileRef = 19D262F923C305E7000DCF10 /* Assets.xcassets */; };
		19D262FD23C305E7000DCF10 /* Main.storyboard in Resources */ = {isa = PBXBuildFile; fileRef = 19D262FB23C305E7000DCF10 /* Main.storyboard */; };
		19D2630723C30C46000DCF10 /* PopoverViewController.swift in Sources */ = {isa = PBXBuildFile; fileRef = 19D2630623C30C46000DCF10 /* PopoverViewController.swift */; };
		19D9216724003A7C00D16407 /* WallpaperImage.swift in Sources */ = {isa = PBXBuildFile; fileRef = 19D9216624003A7C00D16407 /* WallpaperImage.swift */; };
		19D9216924017F9900D16407 /* WallpaperImageSource.swift in Sources */ = {isa = PBXBuildFile; fileRef = 19D9216824017F9900D16407 /* WallpaperImageSource.swift */; };
		19E124E823E2C45E00CE8D42 /* WallpaperManager.swift in Sources */ = {isa = PBXBuildFile; fileRef = 19E124E723E2C45E00CE8D42 /* WallpaperManager.swift */; };
		19FC120423E342170094AC66 /* PreviewViewController.swift in Sources */ = {isa = PBXBuildFile; fileRef = 19FC120323E342170094AC66 /* PreviewViewController.swift */; };
		19FC120623E344210094AC66 /* PreferencesViewController.swift in Sources */ = {isa = PBXBuildFile; fileRef = 19FC120523E344210094AC66 /* PreferencesViewController.swift */; };
		19FC120823E345DE0094AC66 /* HistoryViewController.swift in Sources */ = {isa = PBXBuildFile; fileRef = 19FC120723E345DE0094AC66 /* HistoryViewController.swift */; };
		19FC120E23E4086E0094AC66 /* PillButton.swift in Sources */ = {isa = PBXBuildFile; fileRef = 19FC120D23E4086E0094AC66 /* PillButton.swift */; };
		C1BA6D3B12C88AF46D1ADEA0 /* Pods_SimpleDesktops.framework in Frameworks */ = {isa = PBXBuildFile; fileRef = 71A5EC2662D90F9933A5D955 /* Pods_SimpleDesktops.framework */; };
/* End PBXBuildFile section */

/* Begin PBXFileReference section */
		19092F3623F2DE4700A2B52A /* ImageSource.swift */ = {isa = PBXFileReference; lastKnownFileType = sourcecode.swift; path = ImageSource.swift; sourceTree = "<group>"; };
		192A03C123DEA9A200CF0517 /* Options.swift */ = {isa = PBXFileReference; lastKnownFileType = sourcecode.swift; path = Options.swift; sourceTree = "<group>"; };
		1985967223E011640062A1A1 /* UpdateButton.swift */ = {isa = PBXFileReference; lastKnownFileType = sourcecode.swift; path = UpdateButton.swift; sourceTree = "<group>"; };
		198C8E1B23E6B39200CB7CEE /* HistoryCollectionViewItem.xib */ = {isa = PBXFileReference; lastKnownFileType = file.xib; path = HistoryCollectionViewItem.xib; sourceTree = "<group>"; };
		19AE50F723E2BDD400F27A9C /* SimpleDesktopsSource.swift */ = {isa = PBXFileReference; lastKnownFileType = sourcecode.swift; path = SimpleDesktopsSource.swift; sourceTree = "<group>"; };
		19AFE81423E6BE7F0072DAF9 /* HistoryCollectionViewItem.swift */ = {isa = PBXFileReference; lastKnownFileType = sourcecode.swift; path = HistoryCollectionViewItem.swift; sourceTree = "<group>"; };
		19C8EC6C23DED15A006EFD9B /* Utils.swift */ = {isa = PBXFileReference; lastKnownFileType = sourcecode.swift; path = Utils.swift; sourceTree = "<group>"; };
		19D262EF23C305E6000DCF10 /* Simple Desktops.app */ = {isa = PBXFileReference; explicitFileType = wrapper.application; includeInIndex = 0; path = "Simple Desktops.app"; sourceTree = BUILT_PRODUCTS_DIR; };
		19D262F223C305E6000DCF10 /* AppDelegate.swift */ = {isa = PBXFileReference; lastKnownFileType = sourcecode.swift; path = AppDelegate.swift; sourceTree = "<group>"; };
		19D262F723C305E6000DCF10 /* SimpleDesktops.xcdatamodel */ = {isa = PBXFileReference; lastKnownFileType = wrapper.xcdatamodel; path = SimpleDesktops.xcdatamodel; sourceTree = "<group>"; };
		19D262F923C305E7000DCF10 /* Assets.xcassets */ = {isa = PBXFileReference; lastKnownFileType = folder.assetcatalog; path = Assets.xcassets; sourceTree = "<group>"; };
		19D262FC23C305E7000DCF10 /* Base */ = {isa = PBXFileReference; lastKnownFileType = file.storyboard; name = Base; path = Base.lproj/Main.storyboard; sourceTree = "<group>"; };
		19D262FE23C305E7000DCF10 /* Info.plist */ = {isa = PBXFileReference; lastKnownFileType = text.plist.xml; path = Info.plist; sourceTree = "<group>"; };
		19D262FF23C305E7000DCF10 /* SimpleDesktops.entitlements */ = {isa = PBXFileReference; lastKnownFileType = text.plist.entitlements; path = SimpleDesktops.entitlements; sourceTree = "<group>"; };
		19D2630623C30C46000DCF10 /* PopoverViewController.swift */ = {isa = PBXFileReference; lastKnownFileType = sourcecode.swift; path = PopoverViewController.swift; sourceTree = "<group>"; };
		19D9216624003A7C00D16407 /* WallpaperImage.swift */ = {isa = PBXFileReference; lastKnownFileType = sourcecode.swift; path = WallpaperImage.swift; sourceTree = "<group>"; };
		19D9216824017F9900D16407 /* WallpaperImageSource.swift */ = {isa = PBXFileReference; lastKnownFileType = sourcecode.swift; path = WallpaperImageSource.swift; sourceTree = "<group>"; };
		19E124E723E2C45E00CE8D42 /* WallpaperManager.swift */ = {isa = PBXFileReference; lastKnownFileType = sourcecode.swift; path = WallpaperManager.swift; sourceTree = "<group>"; };
		19FC120323E342170094AC66 /* PreviewViewController.swift */ = {isa = PBXFileReference; lastKnownFileType = sourcecode.swift; path = PreviewViewController.swift; sourceTree = "<group>"; };
		19FC120523E344210094AC66 /* PreferencesViewController.swift */ = {isa = PBXFileReference; lastKnownFileType = sourcecode.swift; path = PreferencesViewController.swift; sourceTree = "<group>"; };
		19FC120723E345DE0094AC66 /* HistoryViewController.swift */ = {isa = PBXFileReference; lastKnownFileType = sourcecode.swift; path = HistoryViewController.swift; sourceTree = "<group>"; };
		19FC120D23E4086E0094AC66 /* PillButton.swift */ = {isa = PBXFileReference; lastKnownFileType = sourcecode.swift; path = PillButton.swift; sourceTree = "<group>"; };
		2CFB4EF3F541CF969ABB49C8 /* Pods-SimpleDesktops.release.xcconfig */ = {isa = PBXFileReference; includeInIndex = 1; lastKnownFileType = text.xcconfig; name = "Pods-SimpleDesktops.release.xcconfig"; path = "Target Support Files/Pods-SimpleDesktops/Pods-SimpleDesktops.release.xcconfig"; sourceTree = "<group>"; };
		5E1D821B72C6647084D71290 /* Pods-SimpleDesktops.debug.xcconfig */ = {isa = PBXFileReference; includeInIndex = 1; lastKnownFileType = text.xcconfig; name = "Pods-SimpleDesktops.debug.xcconfig"; path = "Target Support Files/Pods-SimpleDesktops/Pods-SimpleDesktops.debug.xcconfig"; sourceTree = "<group>"; };
		71A5EC2662D90F9933A5D955 /* Pods_SimpleDesktops.framework */ = {isa = PBXFileReference; explicitFileType = wrapper.framework; includeInIndex = 0; path = Pods_SimpleDesktops.framework; sourceTree = BUILT_PRODUCTS_DIR; };
/* End PBXFileReference section */

/* Begin PBXFrameworksBuildPhase section */
		19D262EC23C305E6000DCF10 /* Frameworks */ = {
			isa = PBXFrameworksBuildPhase;
			buildActionMask = 2147483647;
			files = (
				C1BA6D3B12C88AF46D1ADEA0 /* Pods_SimpleDesktops.framework in Frameworks */,
			);
			runOnlyForDeploymentPostprocessing = 0;
		};
/* End PBXFrameworksBuildPhase section */

/* Begin PBXGroup section */
		19D262E623C305E6000DCF10 = {
			isa = PBXGroup;
			children = (
				19D262F123C305E6000DCF10 /* SimpleDesktops */,
				19D262F023C305E6000DCF10 /* Products */,
				CF7EC8A20CA3983BF3F91A5D /* Pods */,
				414997077A0E516B4D95A9A8 /* Frameworks */,
			);
			sourceTree = "<group>";
		};
		19D262F023C305E6000DCF10 /* Products */ = {
			isa = PBXGroup;
			children = (
				19D262EF23C305E6000DCF10 /* Simple Desktops.app */,
			);
			name = Products;
			sourceTree = "<group>";
		};
		19D262F123C305E6000DCF10 /* SimpleDesktops */ = {
			isa = PBXGroup;
			children = (
				19D262F223C305E6000DCF10 /* AppDelegate.swift */,
				19D262F923C305E7000DCF10 /* Assets.xcassets */,
				19D262FB23C305E7000DCF10 /* Main.storyboard */,
				19C8EC6C23DED15A006EFD9B /* Utils.swift */,
				192A03C123DEA9A200CF0517 /* Options.swift */,
				19FC120C23E407CF0094AC66 /* Views */,
				19E124E923E2D76E00CE8D42 /* WallpaperManager */,
				19D2630523C30C10000DCF10 /* ViewControllers */,
				19D262FE23C305E7000DCF10 /* Info.plist */,
				19D262FF23C305E7000DCF10 /* SimpleDesktops.entitlements */,
				19D262F623C305E6000DCF10 /* SimpleDesktops.xcdatamodeld */,
			);
			path = SimpleDesktops;
			sourceTree = "<group>";
		};
		19D2630523C30C10000DCF10 /* ViewControllers */ = {
			isa = PBXGroup;
			children = (
				19D2630623C30C46000DCF10 /* PopoverViewController.swift */,
				19FC120323E342170094AC66 /* PreviewViewController.swift */,
				19FC120723E345DE0094AC66 /* HistoryViewController.swift */,
				19FC120523E344210094AC66 /* PreferencesViewController.swift */,
			);
			path = ViewControllers;
			sourceTree = "<group>";
		};
		19E124E923E2D76E00CE8D42 /* WallpaperManager */ = {
			isa = PBXGroup;
			children = (
				19E124E723E2C45E00CE8D42 /* WallpaperManager.swift */,
				19092F3623F2DE4700A2B52A /* ImageSource.swift */,
				19D9216624003A7C00D16407 /* WallpaperImage.swift */,
				19D9216824017F9900D16407 /* WallpaperImageSource.swift */,
				19AE50F723E2BDD400F27A9C /* SimpleDesktopsSource.swift */,
			);
			path = WallpaperManager;
			sourceTree = "<group>";
		};
		19FC120C23E407CF0094AC66 /* Views */ = {
			isa = PBXGroup;
			children = (
				1985967223E011640062A1A1 /* UpdateButton.swift */,
				19FC120D23E4086E0094AC66 /* PillButton.swift */,
				19AFE81423E6BE7F0072DAF9 /* HistoryCollectionViewItem.swift */,
				198C8E1B23E6B39200CB7CEE /* HistoryCollectionViewItem.xib */,
			);
			path = Views;
			sourceTree = "<group>";
		};
		414997077A0E516B4D95A9A8 /* Frameworks */ = {
			isa = PBXGroup;
			children = (
				71A5EC2662D90F9933A5D955 /* Pods_SimpleDesktops.framework */,
			);
			name = Frameworks;
			sourceTree = "<group>";
		};
		CF7EC8A20CA3983BF3F91A5D /* Pods */ = {
			isa = PBXGroup;
			children = (
				5E1D821B72C6647084D71290 /* Pods-SimpleDesktops.debug.xcconfig */,
				2CFB4EF3F541CF969ABB49C8 /* Pods-SimpleDesktops.release.xcconfig */,
			);
			path = Pods;
			sourceTree = "<group>";
		};
/* End PBXGroup section */

/* Begin PBXNativeTarget section */
		19D262EE23C305E6000DCF10 /* Simple Desktops */ = {
			isa = PBXNativeTarget;
			buildConfigurationList = 19D2630223C305E7000DCF10 /* Build configuration list for PBXNativeTarget "Simple Desktops" */;
			buildPhases = (
				043FF8EAD0D8F8EEA06C178D /* [CP] Check Pods Manifest.lock */,
				19D262EB23C305E6000DCF10 /* Sources */,
				19D262EC23C305E6000DCF10 /* Frameworks */,
				19D262ED23C305E6000DCF10 /* Resources */,
				74842B9356CF74522946ED9D /* [CP] Embed Pods Frameworks */,
			);
			buildRules = (
			);
			dependencies = (
			);
			name = "Simple Desktops";
			productName = SimpleDesktops;
			productReference = 19D262EF23C305E6000DCF10 /* Simple Desktops.app */;
			productType = "com.apple.product-type.application";
		};
/* End PBXNativeTarget section */

/* Begin PBXProject section */
		19D262E723C305E6000DCF10 /* Project object */ = {
			isa = PBXProject;
			attributes = {
				LastSwiftUpdateCheck = 1130;
				LastUpgradeCheck = 1130;
				ORGANIZATIONNAME = "Jiaxin Shou";
				TargetAttributes = {
					19D262EE23C305E6000DCF10 = {
						CreatedOnToolsVersion = 11.3;
					};
				};
			};
			buildConfigurationList = 19D262EA23C305E6000DCF10 /* Build configuration list for PBXProject "SimpleDesktops" */;
			compatibilityVersion = "Xcode 9.3";
			developmentRegion = en;
			hasScannedForEncodings = 0;
			knownRegions = (
				en,
				Base,
			);
			mainGroup = 19D262E623C305E6000DCF10;
			productRefGroup = 19D262F023C305E6000DCF10 /* Products */;
			projectDirPath = "";
			projectRoot = "";
			targets = (
				19D262EE23C305E6000DCF10 /* Simple Desktops */,
			);
		};
/* End PBXProject section */

/* Begin PBXResourcesBuildPhase section */
		19D262ED23C305E6000DCF10 /* Resources */ = {
			isa = PBXResourcesBuildPhase;
			buildActionMask = 2147483647;
			files = (
				19D262FA23C305E7000DCF10 /* Assets.xcassets in Resources */,
				19D262FD23C305E7000DCF10 /* Main.storyboard in Resources */,
				198C8E1D23E6B39200CB7CEE /* HistoryCollectionViewItem.xib in Resources */,
			);
			runOnlyForDeploymentPostprocessing = 0;
		};
/* End PBXResourcesBuildPhase section */

/* Begin PBXShellScriptBuildPhase section */
		043FF8EAD0D8F8EEA06C178D /* [CP] Check Pods Manifest.lock */ = {
			isa = PBXShellScriptBuildPhase;
			buildActionMask = 2147483647;
			files = (
			);
			inputFileListPaths = (
			);
			inputPaths = (
				"${PODS_PODFILE_DIR_PATH}/Podfile.lock",
				"${PODS_ROOT}/Manifest.lock",
			);
			name = "[CP] Check Pods Manifest.lock";
			outputFileListPaths = (
			);
			outputPaths = (
				"$(DERIVED_FILE_DIR)/Pods-SimpleDesktops-checkManifestLockResult.txt",
			);
			runOnlyForDeploymentPostprocessing = 0;
			shellPath = /bin/sh;
			shellScript = "diff \"${PODS_PODFILE_DIR_PATH}/Podfile.lock\" \"${PODS_ROOT}/Manifest.lock\" > /dev/null\nif [ $? != 0 ] ; then\n    # print error to STDERR\n    echo \"error: The sandbox is not in sync with the Podfile.lock. Run 'pod install' or update your CocoaPods installation.\" >&2\n    exit 1\nfi\n# This output is used by Xcode 'outputs' to avoid re-running this script phase.\necho \"SUCCESS\" > \"${SCRIPT_OUTPUT_FILE_0}\"\n";
			showEnvVarsInLog = 0;
		};
		74842B9356CF74522946ED9D /* [CP] Embed Pods Frameworks */ = {
			isa = PBXShellScriptBuildPhase;
			buildActionMask = 2147483647;
			files = (
			);
			inputFileListPaths = (
				"${PODS_ROOT}/Target Support Files/Pods-SimpleDesktops/Pods-SimpleDesktops-frameworks-${CONFIGURATION}-input-files.xcfilelist",
			);
			name = "[CP] Embed Pods Frameworks";
			outputFileListPaths = (
				"${PODS_ROOT}/Target Support Files/Pods-SimpleDesktops/Pods-SimpleDesktops-frameworks-${CONFIGURATION}-output-files.xcfilelist",
			);
			runOnlyForDeploymentPostprocessing = 0;
			shellPath = /bin/sh;
			shellScript = "\"${PODS_ROOT}/Target Support Files/Pods-SimpleDesktops/Pods-SimpleDesktops-frameworks.sh\"\n";
			showEnvVarsInLog = 0;
		};
/* End PBXShellScriptBuildPhase section */

/* Begin PBXSourcesBuildPhase section */
		19D262EB23C305E6000DCF10 /* Sources */ = {
			isa = PBXSourcesBuildPhase;
			buildActionMask = 2147483647;
			files = (
				19FC120E23E4086E0094AC66 /* PillButton.swift in Sources */,
				19D9216924017F9900D16407 /* WallpaperImageSource.swift in Sources */,
				19C8EC6D23DED15A006EFD9B /* Utils.swift in Sources */,
				1985967323E011640062A1A1 /* UpdateButton.swift in Sources */,
				192A03C223DEA9A200CF0517 /* Options.swift in Sources */,
				19092F3723F2DE4700A2B52A /* ImageSource.swift in Sources */,
				19FC120623E344210094AC66 /* PreferencesViewController.swift in Sources */,
				19D262F323C305E6000DCF10 /* AppDelegate.swift in Sources */,
				19FC120823E345DE0094AC66 /* HistoryViewController.swift in Sources */,
				19E124E823E2C45E00CE8D42 /* WallpaperManager.swift in Sources */,
				19AE50F823E2BDD400F27A9C /* SimpleDesktopsSource.swift in Sources */,
				19D2630723C30C46000DCF10 /* PopoverViewController.swift in Sources */,
				19D262F823C305E6000DCF10 /* SimpleDesktops.xcdatamodeld in Sources */,
				19AFE81523E6BE7F0072DAF9 /* HistoryCollectionViewItem.swift in Sources */,
				19FC120423E342170094AC66 /* PreviewViewController.swift in Sources */,
				19D9216724003A7C00D16407 /* WallpaperImage.swift in Sources */,
			);
			runOnlyForDeploymentPostprocessing = 0;
		};
/* End PBXSourcesBuildPhase section */

/* Begin PBXVariantGroup section */
		19D262FB23C305E7000DCF10 /* Main.storyboard */ = {
			isa = PBXVariantGroup;
			children = (
				19D262FC23C305E7000DCF10 /* Base */,
			);
			name = Main.storyboard;
			sourceTree = "<group>";
		};
/* End PBXVariantGroup section */

/* Begin XCBuildConfiguration section */
		19D2630023C305E7000DCF10 /* Debug */ = {
			isa = XCBuildConfiguration;
			buildSettings = {
				ALWAYS_SEARCH_USER_PATHS = NO;
				CLANG_ANALYZER_NONNULL = YES;
				CLANG_ANALYZER_NUMBER_OBJECT_CONVERSION = YES_AGGRESSIVE;
				CLANG_CXX_LANGUAGE_STANDARD = "gnu++14";
				CLANG_CXX_LIBRARY = "libc++";
				CLANG_ENABLE_MODULES = YES;
				CLANG_ENABLE_OBJC_ARC = YES;
				CLANG_ENABLE_OBJC_WEAK = YES;
				CLANG_WARN_BLOCK_CAPTURE_AUTORELEASING = YES;
				CLANG_WARN_BOOL_CONVERSION = YES;
				CLANG_WARN_COMMA = YES;
				CLANG_WARN_CONSTANT_CONVERSION = YES;
				CLANG_WARN_DEPRECATED_OBJC_IMPLEMENTATIONS = YES;
				CLANG_WARN_DIRECT_OBJC_ISA_USAGE = YES_ERROR;
				CLANG_WARN_DOCUMENTATION_COMMENTS = YES;
				CLANG_WARN_EMPTY_BODY = YES;
				CLANG_WARN_ENUM_CONVERSION = YES;
				CLANG_WARN_INFINITE_RECURSION = YES;
				CLANG_WARN_INT_CONVERSION = YES;
				CLANG_WARN_NON_LITERAL_NULL_CONVERSION = YES;
				CLANG_WARN_OBJC_IMPLICIT_RETAIN_SELF = YES;
				CLANG_WARN_OBJC_LITERAL_CONVERSION = YES;
				CLANG_WARN_OBJC_ROOT_CLASS = YES_ERROR;
				CLANG_WARN_RANGE_LOOP_ANALYSIS = YES;
				CLANG_WARN_STRICT_PROTOTYPES = YES;
				CLANG_WARN_SUSPICIOUS_MOVE = YES;
				CLANG_WARN_UNGUARDED_AVAILABILITY = YES_AGGRESSIVE;
				CLANG_WARN_UNREACHABLE_CODE = YES;
				CLANG_WARN__DUPLICATE_METHOD_MATCH = YES;
				COPY_PHASE_STRIP = NO;
				DEBUG_INFORMATION_FORMAT = dwarf;
				ENABLE_STRICT_OBJC_MSGSEND = YES;
				ENABLE_TESTABILITY = YES;
				GCC_C_LANGUAGE_STANDARD = gnu11;
				GCC_DYNAMIC_NO_PIC = NO;
				GCC_NO_COMMON_BLOCKS = YES;
				GCC_OPTIMIZATION_LEVEL = 0;
				GCC_PREPROCESSOR_DEFINITIONS = (
					"DEBUG=1",
					"$(inherited)",
				);
				GCC_WARN_64_TO_32_BIT_CONVERSION = YES;
				GCC_WARN_ABOUT_RETURN_TYPE = YES_ERROR;
				GCC_WARN_UNDECLARED_SELECTOR = YES;
				GCC_WARN_UNINITIALIZED_AUTOS = YES_AGGRESSIVE;
				GCC_WARN_UNUSED_FUNCTION = YES;
				GCC_WARN_UNUSED_VARIABLE = YES;
				MACOSX_DEPLOYMENT_TARGET = 10.15;
				MTL_ENABLE_DEBUG_INFO = INCLUDE_SOURCE;
				MTL_FAST_MATH = YES;
				ONLY_ACTIVE_ARCH = YES;
				SDKROOT = macosx;
				SWIFT_ACTIVE_COMPILATION_CONDITIONS = DEBUG;
				SWIFT_OPTIMIZATION_LEVEL = "-Onone";
			};
			name = Debug;
		};
		19D2630123C305E7000DCF10 /* Release */ = {
			isa = XCBuildConfiguration;
			buildSettings = {
				ALWAYS_SEARCH_USER_PATHS = NO;
				CLANG_ANALYZER_NONNULL = YES;
				CLANG_ANALYZER_NUMBER_OBJECT_CONVERSION = YES_AGGRESSIVE;
				CLANG_CXX_LANGUAGE_STANDARD = "gnu++14";
				CLANG_CXX_LIBRARY = "libc++";
				CLANG_ENABLE_MODULES = YES;
				CLANG_ENABLE_OBJC_ARC = YES;
				CLANG_ENABLE_OBJC_WEAK = YES;
				CLANG_WARN_BLOCK_CAPTURE_AUTORELEASING = YES;
				CLANG_WARN_BOOL_CONVERSION = YES;
				CLANG_WARN_COMMA = YES;
				CLANG_WARN_CONSTANT_CONVERSION = YES;
				CLANG_WARN_DEPRECATED_OBJC_IMPLEMENTATIONS = YES;
				CLANG_WARN_DIRECT_OBJC_ISA_USAGE = YES_ERROR;
				CLANG_WARN_DOCUMENTATION_COMMENTS = YES;
				CLANG_WARN_EMPTY_BODY = YES;
				CLANG_WARN_ENUM_CONVERSION = YES;
				CLANG_WARN_INFINITE_RECURSION = YES;
				CLANG_WARN_INT_CONVERSION = YES;
				CLANG_WARN_NON_LITERAL_NULL_CONVERSION = YES;
				CLANG_WARN_OBJC_IMPLICIT_RETAIN_SELF = YES;
				CLANG_WARN_OBJC_LITERAL_CONVERSION = YES;
				CLANG_WARN_OBJC_ROOT_CLASS = YES_ERROR;
				CLANG_WARN_RANGE_LOOP_ANALYSIS = YES;
				CLANG_WARN_STRICT_PROTOTYPES = YES;
				CLANG_WARN_SUSPICIOUS_MOVE = YES;
				CLANG_WARN_UNGUARDED_AVAILABILITY = YES_AGGRESSIVE;
				CLANG_WARN_UNREACHABLE_CODE = YES;
				CLANG_WARN__DUPLICATE_METHOD_MATCH = YES;
				COPY_PHASE_STRIP = NO;
				DEBUG_INFORMATION_FORMAT = "dwarf-with-dsym";
				ENABLE_NS_ASSERTIONS = NO;
				ENABLE_STRICT_OBJC_MSGSEND = YES;
				GCC_C_LANGUAGE_STANDARD = gnu11;
				GCC_NO_COMMON_BLOCKS = YES;
				GCC_WARN_64_TO_32_BIT_CONVERSION = YES;
				GCC_WARN_ABOUT_RETURN_TYPE = YES_ERROR;
				GCC_WARN_UNDECLARED_SELECTOR = YES;
				GCC_WARN_UNINITIALIZED_AUTOS = YES_AGGRESSIVE;
				GCC_WARN_UNUSED_FUNCTION = YES;
				GCC_WARN_UNUSED_VARIABLE = YES;
				MACOSX_DEPLOYMENT_TARGET = 10.15;
				MTL_ENABLE_DEBUG_INFO = NO;
				MTL_FAST_MATH = YES;
				SDKROOT = macosx;
				SWIFT_COMPILATION_MODE = wholemodule;
				SWIFT_OPTIMIZATION_LEVEL = "-O";
			};
			name = Release;
		};
		19D2630323C305E7000DCF10 /* Debug */ = {
			isa = XCBuildConfiguration;
			baseConfigurationReference = 5E1D821B72C6647084D71290 /* Pods-SimpleDesktops.debug.xcconfig */;
			buildSettings = {
				ASSETCATALOG_COMPILER_APPICON_NAME = AppIcon;
				CODE_SIGN_ENTITLEMENTS = SimpleDesktops/SimpleDesktops.entitlements;
				CODE_SIGN_IDENTITY = "Apple Development";
				CODE_SIGN_STYLE = Automatic;
				COMBINE_HIDPI_IMAGES = YES;
				CURRENT_PROJECT_VERSION = 1;
				DEVELOPMENT_TEAM = 8TA5C5ASM9;
				ENABLE_HARDENED_RUNTIME = YES;
				INFOPLIST_FILE = SimpleDesktops/Info.plist;
				LD_RUNPATH_SEARCH_PATHS = (
					"$(inherited)",
					"@executable_path/../Frameworks",
				);
				MARKETING_VERSION = 0.1.2;
				PRODUCT_BUNDLE_IDENTIFIER = me.jiaxin.SimpleDesktops;
				PRODUCT_NAME = "$(TARGET_NAME)";
				SWIFT_VERSION = 5.0;
			};
			name = Debug;
		};
		19D2630423C305E7000DCF10 /* Release */ = {
			isa = XCBuildConfiguration;
			baseConfigurationReference = 2CFB4EF3F541CF969ABB49C8 /* Pods-SimpleDesktops.release.xcconfig */;
			buildSettings = {
				ASSETCATALOG_COMPILER_APPICON_NAME = AppIcon;
				CODE_SIGN_ENTITLEMENTS = SimpleDesktops/SimpleDesktops.entitlements;
				CODE_SIGN_IDENTITY = "Apple Development";
				CODE_SIGN_STYLE = Automatic;
				COMBINE_HIDPI_IMAGES = YES;
				CURRENT_PROJECT_VERSION = 1;
				DEVELOPMENT_TEAM = 8TA5C5ASM9;
				ENABLE_HARDENED_RUNTIME = YES;
				INFOPLIST_FILE = SimpleDesktops/Info.plist;
				LD_RUNPATH_SEARCH_PATHS = (
					"$(inherited)",
					"@executable_path/../Frameworks",
				);
				MARKETING_VERSION = 0.1.2;
				PRODUCT_BUNDLE_IDENTIFIER = me.jiaxin.SimpleDesktops;
				PRODUCT_NAME = "$(TARGET_NAME)";
				SWIFT_VERSION = 5.0;
			};
			name = Release;
		};
/* End XCBuildConfiguration section */

/* Begin XCConfigurationList section */
		19D262EA23C305E6000DCF10 /* Build configuration list for PBXProject "SimpleDesktops" */ = {
			isa = XCConfigurationList;
			buildConfigurations = (
				19D2630023C305E7000DCF10 /* Debug */,
				19D2630123C305E7000DCF10 /* Release */,
			);
			defaultConfigurationIsVisible = 0;
			defaultConfigurationName = Release;
		};
		19D2630223C305E7000DCF10 /* Build configuration list for PBXNativeTarget "Simple Desktops" */ = {
			isa = XCConfigurationList;
			buildConfigurations = (
				19D2630323C305E7000DCF10 /* Debug */,
				19D2630423C305E7000DCF10 /* Release */,
			);
			defaultConfigurationIsVisible = 0;
			defaultConfigurationName = Release;
		};
/* End XCConfigurationList section */

/* Begin XCVersionGroup section */
		19D262F623C305E6000DCF10 /* SimpleDesktops.xcdatamodeld */ = {
			isa = XCVersionGroup;
			children = (
				19D262F723C305E6000DCF10 /* SimpleDesktops.xcdatamodel */,
			);
			currentVersion = 19D262F723C305E6000DCF10 /* SimpleDesktops.xcdatamodel */;
			path = SimpleDesktops.xcdatamodeld;
			sourceTree = "<group>";
			versionGroupType = wrapper.xcdatamodel;
		};
/* End XCVersionGroup section */
	};
	rootObject = 19D262E723C305E6000DCF10 /* Project object */;
}
