// !$*UTF8*$!
{
	archiveVersion = 1;
	classes = {
	};
	objectVersion = 52;
	objects = {

/* Begin PBXBuildFile section */
		2913681325D0659C00DD1D2E /* PreferenceView.swift in Sources */ = {isa = PBXBuildFile; fileRef = 29B06BCA25B1947C006EB273 /* PreferenceView.swift */; };
		2913682025D0E10300DD1D2E /* SimpleDesktopsRequest.swift in Sources */ = {isa = PBXBuildFile; fileRef = 2913681E25D0E02100DD1D2E /* SimpleDesktopsRequest.swift */; };
		2916D23525D2D0070044AE71 /* WallpaperWidget.swift in Sources */ = {isa = PBXBuildFile; fileRef = 2916D23425D2D0070044AE71 /* WallpaperWidget.swift */; };
		2916D23725D2D0080044AE71 /* Assets.xcassets in Resources */ = {isa = PBXBuildFile; fileRef = 2916D23625D2D0080044AE71 /* Assets.xcassets */; };
		2916D23C25D2D0080044AE71 /* WallpaperWidgetExtension.appex in Embed App Extensions */ = {isa = PBXBuildFile; fileRef = 2916D22D25D2D0070044AE71 /* WallpaperWidgetExtension.appex */; settings = {ATTRIBUTES = (RemoveHeadersOnCopy, ); }; };
		2916D25025D2E5D50044AE71 /* WallpaperManager.swift in Sources */ = {isa = PBXBuildFile; fileRef = 2994265225B455F400DEF701 /* WallpaperManager.swift */; };
		292A9A422684D32400552DBA /* SimpleDesktopsRequestTests.swift in Sources */ = {isa = PBXBuildFile; fileRef = 292A9A412684D32400552DBA /* SimpleDesktopsRequestTests.swift */; };
		292A9A4A2686F93E00552DBA /* MockURLProtocol.swift in Sources */ = {isa = PBXBuildFile; fileRef = 292A9A492686F93E00552DBA /* MockURLProtocol.swift */; };
		294A4B3125B01E6500DA8631 /* SimpleDesktopsApp.swift in Sources */ = {isa = PBXBuildFile; fileRef = 294A4B3025B01E6500DA8631 /* SimpleDesktopsApp.swift */; };
		294A4B3325B01E6500DA8631 /* PopoverView.swift in Sources */ = {isa = PBXBuildFile; fileRef = 294A4B3225B01E6500DA8631 /* PopoverView.swift */; };
		294A4B3525B01E6600DA8631 /* Assets.xcassets in Resources */ = {isa = PBXBuildFile; fileRef = 294A4B3425B01E6600DA8631 /* Assets.xcassets */; };
		294A4B3825B01E6600DA8631 /* Preview Assets.xcassets in Resources */ = {isa = PBXBuildFile; fileRef = 294A4B3725B01E6600DA8631 /* Preview Assets.xcassets */; };
		294A4B3A25B01E6600DA8631 /* PersistenceController.swift in Sources */ = {isa = PBXBuildFile; fileRef = 294A4B3925B01E6600DA8631 /* PersistenceController.swift */; };
		294A4B3D25B01E6600DA8631 /* SimpleDesktops.xcdatamodeld in Sources */ = {isa = PBXBuildFile; fileRef = 294A4B3B25B01E6600DA8631 /* SimpleDesktops.xcdatamodeld */; };
		2964992925B7410700C7FDBE /* Localizable.strings in Resources */ = {isa = PBXBuildFile; fileRef = 2964992B25B7410700C7FDBE /* Localizable.strings */; };
		297CE0D026FEBD3A009EFB5F /* Kingfisher in Frameworks */ = {isa = PBXBuildFile; productRef = 297CE0CF26FEBD3A009EFB5F /* Kingfisher */; };
		297E323225D03D9300E18951 /* Picture.swift in Sources */ = {isa = PBXBuildFile; fileRef = 297E323125D03D9300E18951 /* Picture.swift */; };
		297E324325D04CA900E18951 /* ImageButtonStyle.swift in Sources */ = {isa = PBXBuildFile; fileRef = 297E324225D04CA900E18951 /* ImageButtonStyle.swift */; };
		297E324A25D0530A00E18951 /* CapsuledButtonStyle.swift in Sources */ = {isa = PBXBuildFile; fileRef = 297E324925D0530A00E18951 /* CapsuledButtonStyle.swift */; };
		297E325825D05D9D00E18951 /* HistoryView.swift in Sources */ = {isa = PBXBuildFile; fileRef = 29D27B7225B16ABE006674DB /* HistoryView.swift */; };
		298E297E25D22F9B006D3102 /* PictureFetcher.swift in Sources */ = {isa = PBXBuildFile; fileRef = 298E297D25D22F9B006D3102 /* PictureFetcher.swift */; };
		299210322715F67900A5E8F7 /* SimpleDesktopsRequestTests.html in Resources */ = {isa = PBXBuildFile; fileRef = 299210312715F67900A5E8F7 /* SimpleDesktopsRequestTests.html */; };
		2994264425B2A42900DEF701 /* Options.swift in Sources */ = {isa = PBXBuildFile; fileRef = 2994264325B2A42900DEF701 /* Options.swift */; };
		2994265325B455F400DEF701 /* WallpaperManager.swift in Sources */ = {isa = PBXBuildFile; fileRef = 2994265225B455F400DEF701 /* WallpaperManager.swift */; };
		29AB43E125F5F96700BB484E /* ChangeInterval.swift in Sources */ = {isa = PBXBuildFile; fileRef = 29AB43E025F5F96700BB484E /* ChangeInterval.swift */; };
		29AB43E225F5F96700BB484E /* ChangeInterval.swift in Sources */ = {isa = PBXBuildFile; fileRef = 29AB43E025F5F96700BB484E /* ChangeInterval.swift */; };
		29BCA45725B2961300C17A73 /* Preferences.swift in Sources */ = {isa = PBXBuildFile; fileRef = 29BCA45625B2961300C17A73 /* Preferences.swift */; };
		29D27B6525B16598006674DB /* PreviewView.swift in Sources */ = {isa = PBXBuildFile; fileRef = 29D27B6425B16598006674DB /* PreviewView.swift */; };
		29E054F225B0671B00BACF46 /* SwiftSoup in Frameworks */ = {isa = PBXBuildFile; productRef = 29E054F125B0671B00BACF46 /* SwiftSoup */; };
		29E6185C25E4C6B600801832 /* UserNotification.swift in Sources */ = {isa = PBXBuildFile; fileRef = 29E6185B25E4C6B600801832 /* UserNotification.swift */; };
		29FC4BDE26FF673600321AF1 /* PictureTests.swift in Sources */ = {isa = PBXBuildFile; fileRef = 29FC4BDD26FF673600321AF1 /* PictureTests.swift */; };
/* End PBXBuildFile section */

/* Begin PBXContainerItemProxy section */
		2916D23A25D2D0080044AE71 /* PBXContainerItemProxy */ = {
			isa = PBXContainerItemProxy;
			containerPortal = 294A4B2525B01E6500DA8631 /* Project object */;
			proxyType = 1;
			remoteGlobalIDString = 2916D22C25D2D0070044AE71;
			remoteInfo = WallpaperWidgetExtension;
		};
		292A9A3C2684D2FD00552DBA /* PBXContainerItemProxy */ = {
			isa = PBXContainerItemProxy;
			containerPortal = 294A4B2525B01E6500DA8631 /* Project object */;
			proxyType = 1;
			remoteGlobalIDString = 294A4B2C25B01E6500DA8631;
			remoteInfo = "Simple Desktops";
		};
/* End PBXContainerItemProxy section */

/* Begin PBXCopyFilesBuildPhase section */
		2916D23D25D2D0080044AE71 /* Embed App Extensions */ = {
			isa = PBXCopyFilesBuildPhase;
			buildActionMask = 2147483647;
			dstPath = "";
			dstSubfolderSpec = 13;
			files = (
				2916D23C25D2D0080044AE71 /* WallpaperWidgetExtension.appex in Embed App Extensions */,
			);
			name = "Embed App Extensions";
			runOnlyForDeploymentPostprocessing = 0;
		};
/* End PBXCopyFilesBuildPhase section */

/* Begin PBXFileReference section */
		2913681E25D0E02100DD1D2E /* SimpleDesktopsRequest.swift */ = {isa = PBXFileReference; lastKnownFileType = sourcecode.swift; path = SimpleDesktopsRequest.swift; sourceTree = "<group>"; };
		2916D22D25D2D0070044AE71 /* WallpaperWidgetExtension.appex */ = {isa = PBXFileReference; explicitFileType = "wrapper.app-extension"; includeInIndex = 0; path = WallpaperWidgetExtension.appex; sourceTree = BUILT_PRODUCTS_DIR; };
		2916D23425D2D0070044AE71 /* WallpaperWidget.swift */ = {isa = PBXFileReference; lastKnownFileType = sourcecode.swift; path = WallpaperWidget.swift; sourceTree = "<group>"; };
		2916D23625D2D0080044AE71 /* Assets.xcassets */ = {isa = PBXFileReference; lastKnownFileType = folder.assetcatalog; path = Assets.xcassets; sourceTree = "<group>"; };
		2916D23825D2D0080044AE71 /* Info.plist */ = {isa = PBXFileReference; lastKnownFileType = text.plist.xml; path = Info.plist; sourceTree = "<group>"; };
		2916D23925D2D0080044AE71 /* WallpaperWidget.entitlements */ = {isa = PBXFileReference; lastKnownFileType = text.plist.entitlements; path = WallpaperWidget.entitlements; sourceTree = "<group>"; };
		292A9A372684D2FD00552DBA /* SimpleDesktopsTests.xctest */ = {isa = PBXFileReference; explicitFileType = wrapper.cfbundle; includeInIndex = 0; path = SimpleDesktopsTests.xctest; sourceTree = BUILT_PRODUCTS_DIR; };
		292A9A3B2684D2FD00552DBA /* Info.plist */ = {isa = PBXFileReference; lastKnownFileType = text.plist.xml; path = Info.plist; sourceTree = "<group>"; };
		292A9A412684D32400552DBA /* SimpleDesktopsRequestTests.swift */ = {isa = PBXFileReference; lastKnownFileType = sourcecode.swift; path = SimpleDesktopsRequestTests.swift; sourceTree = "<group>"; };
		292A9A492686F93E00552DBA /* MockURLProtocol.swift */ = {isa = PBXFileReference; lastKnownFileType = sourcecode.swift; path = MockURLProtocol.swift; sourceTree = "<group>"; };
		294A4B2D25B01E6500DA8631 /* Simple Desktops.app */ = {isa = PBXFileReference; explicitFileType = wrapper.application; includeInIndex = 0; path = "Simple Desktops.app"; sourceTree = BUILT_PRODUCTS_DIR; };
		294A4B3025B01E6500DA8631 /* SimpleDesktopsApp.swift */ = {isa = PBXFileReference; lastKnownFileType = sourcecode.swift; path = SimpleDesktopsApp.swift; sourceTree = "<group>"; };
		294A4B3225B01E6500DA8631 /* PopoverView.swift */ = {isa = PBXFileReference; lastKnownFileType = sourcecode.swift; path = PopoverView.swift; sourceTree = "<group>"; };
		294A4B3425B01E6600DA8631 /* Assets.xcassets */ = {isa = PBXFileReference; lastKnownFileType = folder.assetcatalog; path = Assets.xcassets; sourceTree = "<group>"; };
		294A4B3725B01E6600DA8631 /* Preview Assets.xcassets */ = {isa = PBXFileReference; lastKnownFileType = folder.assetcatalog; path = "Preview Assets.xcassets"; sourceTree = "<group>"; };
		294A4B3925B01E6600DA8631 /* PersistenceController.swift */ = {isa = PBXFileReference; lastKnownFileType = sourcecode.swift; path = PersistenceController.swift; sourceTree = "<group>"; };
		294A4B3C25B01E6600DA8631 /* SimpleDesktops.xcdatamodel */ = {isa = PBXFileReference; lastKnownFileType = wrapper.xcdatamodel; path = SimpleDesktops.xcdatamodel; sourceTree = "<group>"; };
		294A4B3E25B01E6600DA8631 /* Info.plist */ = {isa = PBXFileReference; lastKnownFileType = text.plist.xml; path = Info.plist; sourceTree = "<group>"; };
		294A4B3F25B01E6600DA8631 /* SimpleDesktops.entitlements */ = {isa = PBXFileReference; lastKnownFileType = text.plist.entitlements; path = SimpleDesktops.entitlements; sourceTree = "<group>"; };
		2964992A25B7410700C7FDBE /* zh-Hans */ = {isa = PBXFileReference; lastKnownFileType = text.plist.strings; name = "zh-Hans"; path = "zh-Hans.lproj/Localizable.strings"; sourceTree = "<group>"; };
		297E323125D03D9300E18951 /* Picture.swift */ = {isa = PBXFileReference; lastKnownFileType = sourcecode.swift; path = Picture.swift; sourceTree = "<group>"; };
		297E324225D04CA900E18951 /* ImageButtonStyle.swift */ = {isa = PBXFileReference; lastKnownFileType = sourcecode.swift; path = ImageButtonStyle.swift; sourceTree = "<group>"; };
		297E324925D0530A00E18951 /* CapsuledButtonStyle.swift */ = {isa = PBXFileReference; lastKnownFileType = sourcecode.swift; path = CapsuledButtonStyle.swift; sourceTree = "<group>"; };
		298E297D25D22F9B006D3102 /* PictureFetcher.swift */ = {isa = PBXFileReference; lastKnownFileType = sourcecode.swift; path = PictureFetcher.swift; sourceTree = "<group>"; };
		299210312715F67900A5E8F7 /* SimpleDesktopsRequestTests.html */ = {isa = PBXFileReference; fileEncoding = 4; lastKnownFileType = text.html; path = SimpleDesktopsRequestTests.html; sourceTree = "<group>"; };
		2994264325B2A42900DEF701 /* Options.swift */ = {isa = PBXFileReference; lastKnownFileType = sourcecode.swift; path = Options.swift; sourceTree = "<group>"; };
		2994265225B455F400DEF701 /* WallpaperManager.swift */ = {isa = PBXFileReference; lastKnownFileType = sourcecode.swift; path = WallpaperManager.swift; sourceTree = "<group>"; };
		29AB43E025F5F96700BB484E /* ChangeInterval.swift */ = {isa = PBXFileReference; lastKnownFileType = sourcecode.swift; path = ChangeInterval.swift; sourceTree = "<group>"; };
		29B06BCA25B1947C006EB273 /* PreferenceView.swift */ = {isa = PBXFileReference; lastKnownFileType = sourcecode.swift; path = PreferenceView.swift; sourceTree = "<group>"; };
		29BCA45625B2961300C17A73 /* Preferences.swift */ = {isa = PBXFileReference; lastKnownFileType = sourcecode.swift; path = Preferences.swift; sourceTree = "<group>"; };
		29D27B6425B16598006674DB /* PreviewView.swift */ = {isa = PBXFileReference; lastKnownFileType = sourcecode.swift; path = PreviewView.swift; sourceTree = "<group>"; };
		29D27B7225B16ABE006674DB /* HistoryView.swift */ = {isa = PBXFileReference; lastKnownFileType = sourcecode.swift; path = HistoryView.swift; sourceTree = "<group>"; };
		29E6185B25E4C6B600801832 /* UserNotification.swift */ = {isa = PBXFileReference; lastKnownFileType = sourcecode.swift; path = UserNotification.swift; sourceTree = "<group>"; };
		29F4CEA125B750FE003D24CD /* en */ = {isa = PBXFileReference; lastKnownFileType = text.plist.strings; name = en; path = en.lproj/Localizable.strings; sourceTree = "<group>"; };
		29FC4BDD26FF673600321AF1 /* PictureTests.swift */ = {isa = PBXFileReference; lastKnownFileType = sourcecode.swift; path = PictureTests.swift; sourceTree = "<group>"; };
/* End PBXFileReference section */

/* Begin PBXFrameworksBuildPhase section */
		2916D22A25D2D0070044AE71 /* Frameworks */ = {
			isa = PBXFrameworksBuildPhase;
			buildActionMask = 2147483647;
			files = (
			);
			runOnlyForDeploymentPostprocessing = 0;
		};
		292A9A342684D2FD00552DBA /* Frameworks */ = {
			isa = PBXFrameworksBuildPhase;
			buildActionMask = 2147483647;
			files = (
			);
			runOnlyForDeploymentPostprocessing = 0;
		};
		294A4B2A25B01E6500DA8631 /* Frameworks */ = {
			isa = PBXFrameworksBuildPhase;
			buildActionMask = 2147483647;
			files = (
				297CE0D026FEBD3A009EFB5F /* Kingfisher in Frameworks */,
				29E054F225B0671B00BACF46 /* SwiftSoup in Frameworks */,
			);
			runOnlyForDeploymentPostprocessing = 0;
		};
/* End PBXFrameworksBuildPhase section */

/* Begin PBXGroup section */
		2916D23325D2D0070044AE71 /* WallpaperWidget */ = {
			isa = PBXGroup;
			children = (
				2916D23425D2D0070044AE71 /* WallpaperWidget.swift */,
				2916D23625D2D0080044AE71 /* Assets.xcassets */,
				2916D23825D2D0080044AE71 /* Info.plist */,
				2916D23925D2D0080044AE71 /* WallpaperWidget.entitlements */,
			);
			path = WallpaperWidget;
			sourceTree = "<group>";
		};
		292A9A382684D2FD00552DBA /* SimpleDesktopsTests */ = {
			isa = PBXGroup;
			children = (
				29FC4BDD26FF673600321AF1 /* PictureTests.swift */,
				292A9A412684D32400552DBA /* SimpleDesktopsRequestTests.swift */,
				292A9A482686F8E700552DBA /* Mock */,
				299210302715F66900A5E8F7 /* TestData */,
				292A9A3B2684D2FD00552DBA /* Info.plist */,
			);
			path = SimpleDesktopsTests;
			sourceTree = "<group>";
		};
		292A9A482686F8E700552DBA /* Mock */ = {
			isa = PBXGroup;
			children = (
				292A9A492686F93E00552DBA /* MockURLProtocol.swift */,
			);
			path = Mock;
			sourceTree = "<group>";
		};
		294A4B2425B01E6500DA8631 = {
			isa = PBXGroup;
			children = (
				294A4B2F25B01E6500DA8631 /* SimpleDesktops */,
				2916D23325D2D0070044AE71 /* WallpaperWidget */,
				292A9A382684D2FD00552DBA /* SimpleDesktopsTests */,
				294A4B2E25B01E6500DA8631 /* Products */,
			);
			sourceTree = "<group>";
		};
		294A4B2E25B01E6500DA8631 /* Products */ = {
			isa = PBXGroup;
			children = (
				294A4B2D25B01E6500DA8631 /* Simple Desktops.app */,
				2916D22D25D2D0070044AE71 /* WallpaperWidgetExtension.appex */,
				292A9A372684D2FD00552DBA /* SimpleDesktopsTests.xctest */,
			);
			name = Products;
			sourceTree = "<group>";
		};
		294A4B2F25B01E6500DA8631 /* SimpleDesktops */ = {
			isa = PBXGroup;
			children = (
				294A4B3425B01E6600DA8631 /* Assets.xcassets */,
				2964992B25B7410700C7FDBE /* Localizable.strings */,
				294A4B3B25B01E6600DA8631 /* SimpleDesktops.xcdatamodeld */,
				294A4B3025B01E6500DA8631 /* SimpleDesktopsApp.swift */,
				2913681E25D0E02100DD1D2E /* SimpleDesktopsRequest.swift */,
				2994264225B2A41900DEF701 /* Models */,
				29E054A325B0379600BACF46 /* Views */,
				29E054D125B05B3700BACF46 /* ViewModels */,
				29D27B5525B1398A006674DB /* Utilities */,
				294A4B3625B01E6600DA8631 /* Preview Content */,
				294A4B3E25B01E6600DA8631 /* Info.plist */,
				294A4B3F25B01E6600DA8631 /* SimpleDesktops.entitlements */,
			);
			path = SimpleDesktops;
			sourceTree = "<group>";
		};
		294A4B3625B01E6600DA8631 /* Preview Content */ = {
			isa = PBXGroup;
			children = (
				294A4B3725B01E6600DA8631 /* Preview Assets.xcassets */,
			);
			path = "Preview Content";
			sourceTree = "<group>";
		};
		297E324125D04C7E00E18951 /* Modifiers */ = {
			isa = PBXGroup;
			children = (
				297E324225D04CA900E18951 /* ImageButtonStyle.swift */,
				297E324925D0530A00E18951 /* CapsuledButtonStyle.swift */,
			);
			path = Modifiers;
			sourceTree = "<group>";
		};
		299210302715F66900A5E8F7 /* TestData */ = {
			isa = PBXGroup;
			children = (
				299210312715F67900A5E8F7 /* SimpleDesktopsRequestTests.html */,
			);
			path = TestData;
			sourceTree = "<group>";
		};
		2994264225B2A41900DEF701 /* Models */ = {
			isa = PBXGroup;
			children = (
				2994264325B2A42900DEF701 /* Options.swift */,
				29AB43E025F5F96700BB484E /* ChangeInterval.swift */,
			);
			path = Models;
			sourceTree = "<group>";
		};
		29D27B5525B1398A006674DB /* Utilities */ = {
			isa = PBXGroup;
			children = (
				294A4B3925B01E6600DA8631 /* PersistenceController.swift */,
				2994265225B455F400DEF701 /* WallpaperManager.swift */,
				29E6185B25E4C6B600801832 /* UserNotification.swift */,
			);
			path = Utilities;
			sourceTree = "<group>";
		};
		29E054A325B0379600BACF46 /* Views */ = {
			isa = PBXGroup;
			children = (
				294A4B3225B01E6500DA8631 /* PopoverView.swift */,
				29D27B6425B16598006674DB /* PreviewView.swift */,
				29D27B7225B16ABE006674DB /* HistoryView.swift */,
				29B06BCA25B1947C006EB273 /* PreferenceView.swift */,
				297E324125D04C7E00E18951 /* Modifiers */,
			);
			path = Views;
			sourceTree = "<group>";
		};
		29E054D125B05B3700BACF46 /* ViewModels */ = {
			isa = PBXGroup;
			children = (
				297E323125D03D9300E18951 /* Picture.swift */,
				298E297D25D22F9B006D3102 /* PictureFetcher.swift */,
				29BCA45625B2961300C17A73 /* Preferences.swift */,
			);
			path = ViewModels;
			sourceTree = "<group>";
		};
/* End PBXGroup section */

/* Begin PBXNativeTarget section */
		2916D22C25D2D0070044AE71 /* WallpaperWidgetExtension */ = {
			isa = PBXNativeTarget;
			buildConfigurationList = 2916D24025D2D0080044AE71 /* Build configuration list for PBXNativeTarget "WallpaperWidgetExtension" */;
			buildPhases = (
				2916D22925D2D0070044AE71 /* Sources */,
				2916D22A25D2D0070044AE71 /* Frameworks */,
				2916D22B25D2D0070044AE71 /* Resources */,
			);
			buildRules = (
			);
			dependencies = (
			);
			name = WallpaperWidgetExtension;
			productName = WallpaperWidgetExtension;
			productReference = 2916D22D25D2D0070044AE71 /* WallpaperWidgetExtension.appex */;
			productType = "com.apple.product-type.app-extension";
		};
		292A9A362684D2FD00552DBA /* SimpleDesktopsTests */ = {
			isa = PBXNativeTarget;
			buildConfigurationList = 292A9A402684D2FD00552DBA /* Build configuration list for PBXNativeTarget "SimpleDesktopsTests" */;
			buildPhases = (
				292A9A332684D2FD00552DBA /* Sources */,
				292A9A342684D2FD00552DBA /* Frameworks */,
				292A9A352684D2FD00552DBA /* Resources */,
			);
			buildRules = (
			);
			dependencies = (
				292A9A3D2684D2FD00552DBA /* PBXTargetDependency */,
			);
			name = SimpleDesktopsTests;
			productName = SimpleDesktopsTests;
			productReference = 292A9A372684D2FD00552DBA /* SimpleDesktopsTests.xctest */;
			productType = "com.apple.product-type.bundle.unit-test";
		};
		294A4B2C25B01E6500DA8631 /* Simple Desktops */ = {
			isa = PBXNativeTarget;
			buildConfigurationList = 294A4B4225B01E6600DA8631 /* Build configuration list for PBXNativeTarget "Simple Desktops" */;
			buildPhases = (
				294A4B2925B01E6500DA8631 /* Sources */,
				294A4B2A25B01E6500DA8631 /* Frameworks */,
				294A4B2B25B01E6500DA8631 /* Resources */,
				2916D23D25D2D0080044AE71 /* Embed App Extensions */,
			);
			buildRules = (
			);
			dependencies = (
				2916D23B25D2D0080044AE71 /* PBXTargetDependency */,
			);
			name = "Simple Desktops";
			packageProductDependencies = (
				29E054F125B0671B00BACF46 /* SwiftSoup */,
				297CE0CF26FEBD3A009EFB5F /* Kingfisher */,
			);
			productName = SimpleDesktops;
			productReference = 294A4B2D25B01E6500DA8631 /* Simple Desktops.app */;
			productType = "com.apple.product-type.application";
		};
/* End PBXNativeTarget section */

/* Begin PBXProject section */
		294A4B2525B01E6500DA8631 /* Project object */ = {
			isa = PBXProject;
			attributes = {
				LastSwiftUpdateCheck = 1250;
				LastUpgradeCheck = 1240;
				TargetAttributes = {
					2916D22C25D2D0070044AE71 = {
						CreatedOnToolsVersion = 12.4;
					};
					292A9A362684D2FD00552DBA = {
						CreatedOnToolsVersion = 12.5.1;
						TestTargetID = 294A4B2C25B01E6500DA8631;
					};
					294A4B2C25B01E6500DA8631 = {
						CreatedOnToolsVersion = 12.3;
					};
				};
			};
			buildConfigurationList = 294A4B2825B01E6500DA8631 /* Build configuration list for PBXProject "SimpleDesktops" */;
			compatibilityVersion = "Xcode 9.3";
			developmentRegion = en;
			hasScannedForEncodings = 0;
			knownRegions = (
				en,
				Base,
				"zh-Hans",
			);
			mainGroup = 294A4B2425B01E6500DA8631;
			packageReferences = (
				29E054F025B0671B00BACF46 /* XCRemoteSwiftPackageReference "SwiftSoup" */,
				297CE0CE26FEBD3A009EFB5F /* XCRemoteSwiftPackageReference "Kingfisher" */,
			);
			productRefGroup = 294A4B2E25B01E6500DA8631 /* Products */;
			projectDirPath = "";
			projectRoot = "";
			targets = (
				294A4B2C25B01E6500DA8631 /* Simple Desktops */,
				2916D22C25D2D0070044AE71 /* WallpaperWidgetExtension */,
				292A9A362684D2FD00552DBA /* SimpleDesktopsTests */,
			);
		};
/* End PBXProject section */

/* Begin PBXResourcesBuildPhase section */
		2916D22B25D2D0070044AE71 /* Resources */ = {
			isa = PBXResourcesBuildPhase;
			buildActionMask = 2147483647;
			files = (
				2916D23725D2D0080044AE71 /* Assets.xcassets in Resources */,
			);
			runOnlyForDeploymentPostprocessing = 0;
		};
		292A9A352684D2FD00552DBA /* Resources */ = {
			isa = PBXResourcesBuildPhase;
			buildActionMask = 2147483647;
			files = (
				299210322715F67900A5E8F7 /* SimpleDesktopsRequestTests.html in Resources */,
			);
			runOnlyForDeploymentPostprocessing = 0;
		};
		294A4B2B25B01E6500DA8631 /* Resources */ = {
			isa = PBXResourcesBuildPhase;
			buildActionMask = 2147483647;
			files = (
				294A4B3825B01E6600DA8631 /* Preview Assets.xcassets in Resources */,
				2964992925B7410700C7FDBE /* Localizable.strings in Resources */,
				294A4B3525B01E6600DA8631 /* Assets.xcassets in Resources */,
			);
			runOnlyForDeploymentPostprocessing = 0;
		};
/* End PBXResourcesBuildPhase section */

/* Begin PBXSourcesBuildPhase section */
		2916D22925D2D0070044AE71 /* Sources */ = {
			isa = PBXSourcesBuildPhase;
			buildActionMask = 2147483647;
			files = (
				2916D25025D2E5D50044AE71 /* WallpaperManager.swift in Sources */,
				29AB43E225F5F96700BB484E /* ChangeInterval.swift in Sources */,
				2916D23525D2D0070044AE71 /* WallpaperWidget.swift in Sources */,
			);
			runOnlyForDeploymentPostprocessing = 0;
		};
		292A9A332684D2FD00552DBA /* Sources */ = {
			isa = PBXSourcesBuildPhase;
			buildActionMask = 2147483647;
			files = (
				292A9A4A2686F93E00552DBA /* MockURLProtocol.swift in Sources */,
				29FC4BDE26FF673600321AF1 /* PictureTests.swift in Sources */,
				292A9A422684D32400552DBA /* SimpleDesktopsRequestTests.swift in Sources */,
			);
			runOnlyForDeploymentPostprocessing = 0;
		};
		294A4B2925B01E6500DA8631 /* Sources */ = {
			isa = PBXSourcesBuildPhase;
			buildActionMask = 2147483647;
			files = (
				294A4B3A25B01E6600DA8631 /* PersistenceController.swift in Sources */,
				29AB43E125F5F96700BB484E /* ChangeInterval.swift in Sources */,
				2913681325D0659C00DD1D2E /* PreferenceView.swift in Sources */,
				298E297E25D22F9B006D3102 /* PictureFetcher.swift in Sources */,
				297E325825D05D9D00E18951 /* HistoryView.swift in Sources */,
				29D27B6525B16598006674DB /* PreviewView.swift in Sources */,
				297E324A25D0530A00E18951 /* CapsuledButtonStyle.swift in Sources */,
				294A4B3325B01E6500DA8631 /* PopoverView.swift in Sources */,
				29E6185C25E4C6B600801832 /* UserNotification.swift in Sources */,
				297E324325D04CA900E18951 /* ImageButtonStyle.swift in Sources */,
				297E323225D03D9300E18951 /* Picture.swift in Sources */,
				2994265325B455F400DEF701 /* WallpaperManager.swift in Sources */,
				294A4B3D25B01E6600DA8631 /* SimpleDesktops.xcdatamodeld in Sources */,
				2994264425B2A42900DEF701 /* Options.swift in Sources */,
				294A4B3125B01E6500DA8631 /* SimpleDesktopsApp.swift in Sources */,
				2913682025D0E10300DD1D2E /* SimpleDesktopsRequest.swift in Sources */,
				29BCA45725B2961300C17A73 /* Preferences.swift in Sources */,
			);
			runOnlyForDeploymentPostprocessing = 0;
		};
/* End PBXSourcesBuildPhase section */

/* Begin PBXTargetDependency section */
		2916D23B25D2D0080044AE71 /* PBXTargetDependency */ = {
			isa = PBXTargetDependency;
			target = 2916D22C25D2D0070044AE71 /* WallpaperWidgetExtension */;
			targetProxy = 2916D23A25D2D0080044AE71 /* PBXContainerItemProxy */;
		};
		292A9A3D2684D2FD00552DBA /* PBXTargetDependency */ = {
			isa = PBXTargetDependency;
			target = 294A4B2C25B01E6500DA8631 /* Simple Desktops */;
			targetProxy = 292A9A3C2684D2FD00552DBA /* PBXContainerItemProxy */;
		};
/* End PBXTargetDependency section */

/* Begin PBXVariantGroup section */
		2964992B25B7410700C7FDBE /* Localizable.strings */ = {
			isa = PBXVariantGroup;
			children = (
				2964992A25B7410700C7FDBE /* zh-Hans */,
				29F4CEA125B750FE003D24CD /* en */,
			);
			name = Localizable.strings;
			sourceTree = "<group>";
		};
/* End PBXVariantGroup section */

/* Begin XCBuildConfiguration section */
		2916D23E25D2D0080044AE71 /* Debug */ = {
			isa = XCBuildConfiguration;
			buildSettings = {
				ASSETCATALOG_COMPILER_GLOBAL_ACCENT_COLOR_NAME = AccentColor;
				ASSETCATALOG_COMPILER_WIDGET_BACKGROUND_COLOR_NAME = WidgetBackground;
				CODE_SIGN_ENTITLEMENTS = WallpaperWidget/WallpaperWidget.entitlements;
				CODE_SIGN_IDENTITY = "Apple Development";
				CODE_SIGN_STYLE = Automatic;
				CURRENT_PROJECT_VERSION = 1;
				DEVELOPMENT_TEAM = 8TA5C5ASM9;
				ENABLE_HARDENED_RUNTIME = YES;
				INFOPLIST_FILE = WallpaperWidget/Info.plist;
				LD_RUNPATH_SEARCH_PATHS = (
					"$(inherited)",
					"@executable_path/../Frameworks",
					"@executable_path/../../../../Frameworks",
				);
				MACOSX_DEPLOYMENT_TARGET = 11.0;
				MARKETING_VERSION = 0.7.1;
				PRODUCT_BUNDLE_IDENTIFIER = me.jiaxin.SimpleDesktops.WallpaperWidget;
				PRODUCT_NAME = "$(TARGET_NAME)";
				SKIP_INSTALL = YES;
				SWIFT_VERSION = 5.0;
			};
			name = Debug;
		};
		2916D23F25D2D0080044AE71 /* Release */ = {
			isa = XCBuildConfiguration;
			buildSettings = {
				ASSETCATALOG_COMPILER_GLOBAL_ACCENT_COLOR_NAME = AccentColor;
				ASSETCATALOG_COMPILER_WIDGET_BACKGROUND_COLOR_NAME = WidgetBackground;
				CODE_SIGN_ENTITLEMENTS = WallpaperWidget/WallpaperWidget.entitlements;
				CODE_SIGN_IDENTITY = "Apple Development";
				CODE_SIGN_STYLE = Automatic;
				CURRENT_PROJECT_VERSION = 1;
				DEVELOPMENT_TEAM = 8TA5C5ASM9;
				ENABLE_HARDENED_RUNTIME = YES;
				INFOPLIST_FILE = WallpaperWidget/Info.plist;
				LD_RUNPATH_SEARCH_PATHS = (
					"$(inherited)",
					"@executable_path/../Frameworks",
					"@executable_path/../../../../Frameworks",
				);
				MACOSX_DEPLOYMENT_TARGET = 11.0;
				MARKETING_VERSION = 0.7.1;
				PRODUCT_BUNDLE_IDENTIFIER = me.jiaxin.SimpleDesktops.WallpaperWidget;
				PRODUCT_NAME = "$(TARGET_NAME)";
				SKIP_INSTALL = YES;
				SWIFT_VERSION = 5.0;
			};
			name = Release;
		};
		292A9A3E2684D2FD00552DBA /* Debug */ = {
			isa = XCBuildConfiguration;
			buildSettings = {
				BUNDLE_LOADER = "$(TEST_HOST)";
				CODE_SIGN_STYLE = Automatic;
				COMBINE_HIDPI_IMAGES = YES;
				DEVELOPMENT_TEAM = 8TA5C5ASM9;
				INFOPLIST_FILE = SimpleDesktopsTests/Info.plist;
				LD_RUNPATH_SEARCH_PATHS = (
					"$(inherited)",
					"@executable_path/../Frameworks",
					"@loader_path/../Frameworks",
				);
				MACOSX_DEPLOYMENT_TARGET = 11.3;
				PRODUCT_BUNDLE_IDENTIFIER = me.jiaxin.SimpleDesktopsTests;
				PRODUCT_NAME = "$(TARGET_NAME)";
				SWIFT_VERSION = 5.0;
				TEST_HOST = "$(BUILT_PRODUCTS_DIR)/Simple Desktops.app/Contents/MacOS/Simple Desktops";
			};
			name = Debug;
		};
		292A9A3F2684D2FD00552DBA /* Release */ = {
			isa = XCBuildConfiguration;
			buildSettings = {
				BUNDLE_LOADER = "$(TEST_HOST)";
				CODE_SIGN_STYLE = Automatic;
				COMBINE_HIDPI_IMAGES = YES;
				DEVELOPMENT_TEAM = 8TA5C5ASM9;
				INFOPLIST_FILE = SimpleDesktopsTests/Info.plist;
				LD_RUNPATH_SEARCH_PATHS = (
					"$(inherited)",
					"@executable_path/../Frameworks",
					"@loader_path/../Frameworks",
				);
				MACOSX_DEPLOYMENT_TARGET = 11.3;
				PRODUCT_BUNDLE_IDENTIFIER = me.jiaxin.SimpleDesktopsTests;
				PRODUCT_NAME = "$(TARGET_NAME)";
				SWIFT_VERSION = 5.0;
				TEST_HOST = "$(BUILT_PRODUCTS_DIR)/Simple Desktops.app/Contents/MacOS/Simple Desktops";
			};
			name = Release;
		};
		294A4B4025B01E6600DA8631 /* Debug */ = {
			isa = XCBuildConfiguration;
			buildSettings = {
				ALWAYS_SEARCH_USER_PATHS = NO;
				CLANG_ANALYZER_LOCALIZABILITY_NONLOCALIZED = YES;
				CLANG_ANALYZER_NONNULL = YES;
				CLANG_ANALYZER_NUMBER_OBJECT_CONVERSION = YES_AGGRESSIVE;
				CLANG_CXX_LANGUAGE_STANDARD = "gnu++14";
				CLANG_CXX_LIBRARY = "libc++";
				CLANG_ENABLE_MODULES = YES;
				CLANG_ENABLE_OBJC_ARC = YES;
				CLANG_ENABLE_OBJC_WEAK = YES;
				CLANG_WARN_BLOCK_CAPTURE_AUTORELEASING = YES;
				CLANG_WARN_BOOL_CONVERSION = YES;
				CLANG_WARN_COMMA = YES;
				CLANG_WARN_CONSTANT_CONVERSION = YES;
				CLANG_WARN_DEPRECATED_OBJC_IMPLEMENTATIONS = YES;
				CLANG_WARN_DIRECT_OBJC_ISA_USAGE = YES_ERROR;
				CLANG_WARN_DOCUMENTATION_COMMENTS = YES;
				CLANG_WARN_EMPTY_BODY = YES;
				CLANG_WARN_ENUM_CONVERSION = YES;
				CLANG_WARN_INFINITE_RECURSION = YES;
				CLANG_WARN_INT_CONVERSION = YES;
				CLANG_WARN_NON_LITERAL_NULL_CONVERSION = YES;
				CLANG_WARN_OBJC_IMPLICIT_RETAIN_SELF = YES;
				CLANG_WARN_OBJC_LITERAL_CONVERSION = YES;
				CLANG_WARN_OBJC_ROOT_CLASS = YES_ERROR;
				CLANG_WARN_QUOTED_INCLUDE_IN_FRAMEWORK_HEADER = YES;
				CLANG_WARN_RANGE_LOOP_ANALYSIS = YES;
				CLANG_WARN_STRICT_PROTOTYPES = YES;
				CLANG_WARN_SUSPICIOUS_MOVE = YES;
				CLANG_WARN_UNGUARDED_AVAILABILITY = YES_AGGRESSIVE;
				CLANG_WARN_UNREACHABLE_CODE = YES;
				CLANG_WARN__DUPLICATE_METHOD_MATCH = YES;
				COPY_PHASE_STRIP = NO;
				DEBUG_INFORMATION_FORMAT = dwarf;
				ENABLE_STRICT_OBJC_MSGSEND = YES;
				ENABLE_TESTABILITY = YES;
				GCC_C_LANGUAGE_STANDARD = gnu11;
				GCC_DYNAMIC_NO_PIC = NO;
				GCC_NO_COMMON_BLOCKS = YES;
				GCC_OPTIMIZATION_LEVEL = 0;
				GCC_PREPROCESSOR_DEFINITIONS = (
					"DEBUG=1",
					"$(inherited)",
				);
				GCC_WARN_64_TO_32_BIT_CONVERSION = YES;
				GCC_WARN_ABOUT_RETURN_TYPE = YES_ERROR;
				GCC_WARN_UNDECLARED_SELECTOR = YES;
				GCC_WARN_UNINITIALIZED_AUTOS = YES_AGGRESSIVE;
				GCC_WARN_UNUSED_FUNCTION = YES;
				GCC_WARN_UNUSED_VARIABLE = YES;
				MACOSX_DEPLOYMENT_TARGET = 11.1;
				MTL_ENABLE_DEBUG_INFO = INCLUDE_SOURCE;
				MTL_FAST_MATH = YES;
				ONLY_ACTIVE_ARCH = YES;
				SDKROOT = macosx;
				SWIFT_ACTIVE_COMPILATION_CONDITIONS = DEBUG;
				SWIFT_OPTIMIZATION_LEVEL = "-Onone";
			};
			name = Debug;
		};
		294A4B4125B01E6600DA8631 /* Release */ = {
			isa = XCBuildConfiguration;
			buildSettings = {
				ALWAYS_SEARCH_USER_PATHS = NO;
				CLANG_ANALYZER_LOCALIZABILITY_NONLOCALIZED = YES;
				CLANG_ANALYZER_NONNULL = YES;
				CLANG_ANALYZER_NUMBER_OBJECT_CONVERSION = YES_AGGRESSIVE;
				CLANG_CXX_LANGUAGE_STANDARD = "gnu++14";
				CLANG_CXX_LIBRARY = "libc++";
				CLANG_ENABLE_MODULES = YES;
				CLANG_ENABLE_OBJC_ARC = YES;
				CLANG_ENABLE_OBJC_WEAK = YES;
				CLANG_WARN_BLOCK_CAPTURE_AUTORELEASING = YES;
				CLANG_WARN_BOOL_CONVERSION = YES;
				CLANG_WARN_COMMA = YES;
				CLANG_WARN_CONSTANT_CONVERSION = YES;
				CLANG_WARN_DEPRECATED_OBJC_IMPLEMENTATIONS = YES;
				CLANG_WARN_DIRECT_OBJC_ISA_USAGE = YES_ERROR;
				CLANG_WARN_DOCUMENTATION_COMMENTS = YES;
				CLANG_WARN_EMPTY_BODY = YES;
				CLANG_WARN_ENUM_CONVERSION = YES;
				CLANG_WARN_INFINITE_RECURSION = YES;
				CLANG_WARN_INT_CONVERSION = YES;
				CLANG_WARN_NON_LITERAL_NULL_CONVERSION = YES;
				CLANG_WARN_OBJC_IMPLICIT_RETAIN_SELF = YES;
				CLANG_WARN_OBJC_LITERAL_CONVERSION = YES;
				CLANG_WARN_OBJC_ROOT_CLASS = YES_ERROR;
				CLANG_WARN_QUOTED_INCLUDE_IN_FRAMEWORK_HEADER = YES;
				CLANG_WARN_RANGE_LOOP_ANALYSIS = YES;
				CLANG_WARN_STRICT_PROTOTYPES = YES;
				CLANG_WARN_SUSPICIOUS_MOVE = YES;
				CLANG_WARN_UNGUARDED_AVAILABILITY = YES_AGGRESSIVE;
				CLANG_WARN_UNREACHABLE_CODE = YES;
				CLANG_WARN__DUPLICATE_METHOD_MATCH = YES;
				COPY_PHASE_STRIP = NO;
				DEBUG_INFORMATION_FORMAT = "dwarf-with-dsym";
				ENABLE_NS_ASSERTIONS = NO;
				ENABLE_STRICT_OBJC_MSGSEND = YES;
				GCC_C_LANGUAGE_STANDARD = gnu11;
				GCC_NO_COMMON_BLOCKS = YES;
				GCC_WARN_64_TO_32_BIT_CONVERSION = YES;
				GCC_WARN_ABOUT_RETURN_TYPE = YES_ERROR;
				GCC_WARN_UNDECLARED_SELECTOR = YES;
				GCC_WARN_UNINITIALIZED_AUTOS = YES_AGGRESSIVE;
				GCC_WARN_UNUSED_FUNCTION = YES;
				GCC_WARN_UNUSED_VARIABLE = YES;
				MACOSX_DEPLOYMENT_TARGET = 11.1;
				MTL_ENABLE_DEBUG_INFO = NO;
				MTL_FAST_MATH = YES;
				SDKROOT = macosx;
				SWIFT_COMPILATION_MODE = wholemodule;
				SWIFT_OPTIMIZATION_LEVEL = "-O";
			};
			name = Release;
		};
		294A4B4325B01E6600DA8631 /* Debug */ = {
			isa = XCBuildConfiguration;
			buildSettings = {
				ALWAYS_EMBED_SWIFT_STANDARD_LIBRARIES = YES;
				ASSETCATALOG_COMPILER_APPICON_NAME = AppIcon;
				CODE_SIGN_ENTITLEMENTS = SimpleDesktops/SimpleDesktops.entitlements;
				CODE_SIGN_IDENTITY = "Apple Development";
				CODE_SIGN_STYLE = Automatic;
				COMBINE_HIDPI_IMAGES = YES;
				CURRENT_PROJECT_VERSION = 1;
				DEVELOPMENT_ASSET_PATHS = "\"SimpleDesktops/Preview Content\"";
				DEVELOPMENT_TEAM = 8TA5C5ASM9;
				ENABLE_HARDENED_RUNTIME = YES;
				ENABLE_PREVIEWS = YES;
				INFOPLIST_FILE = SimpleDesktops/Info.plist;
				LD_RUNPATH_SEARCH_PATHS = (
					"$(inherited)",
					"@executable_path/../Frameworks",
				);
				MACOSX_DEPLOYMENT_TARGET = 11.0;
				MARKETING_VERSION = 0.7.1;
				PRODUCT_BUNDLE_IDENTIFIER = me.jiaxin.SimpleDesktops;
				PRODUCT_NAME = "$(TARGET_NAME)";
				SWIFT_VERSION = 5.0;
			};
			name = Debug;
		};
		294A4B4425B01E6600DA8631 /* Release */ = {
			isa = XCBuildConfiguration;
			buildSettings = {
				ALWAYS_EMBED_SWIFT_STANDARD_LIBRARIES = YES;
				ASSETCATALOG_COMPILER_APPICON_NAME = AppIcon;
				CODE_SIGN_ENTITLEMENTS = SimpleDesktops/SimpleDesktops.entitlements;
				CODE_SIGN_IDENTITY = "Apple Development";
				CODE_SIGN_STYLE = Automatic;
				COMBINE_HIDPI_IMAGES = YES;
				CURRENT_PROJECT_VERSION = 1;
				DEVELOPMENT_ASSET_PATHS = "\"SimpleDesktops/Preview Content\"";
				DEVELOPMENT_TEAM = 8TA5C5ASM9;
				ENABLE_HARDENED_RUNTIME = YES;
				ENABLE_PREVIEWS = YES;
				INFOPLIST_FILE = SimpleDesktops/Info.plist;
				LD_RUNPATH_SEARCH_PATHS = (
					"$(inherited)",
					"@executable_path/../Frameworks",
				);
				MACOSX_DEPLOYMENT_TARGET = 11.0;
				MARKETING_VERSION = 0.7.1;
				PRODUCT_BUNDLE_IDENTIFIER = me.jiaxin.SimpleDesktops;
				PRODUCT_NAME = "$(TARGET_NAME)";
				SWIFT_VERSION = 5.0;
			};
			name = Release;
		};
/* End XCBuildConfiguration section */

/* Begin XCConfigurationList section */
		2916D24025D2D0080044AE71 /* Build configuration list for PBXNativeTarget "WallpaperWidgetExtension" */ = {
			isa = XCConfigurationList;
			buildConfigurations = (
				2916D23E25D2D0080044AE71 /* Debug */,
				2916D23F25D2D0080044AE71 /* Release */,
			);
			defaultConfigurationIsVisible = 0;
			defaultConfigurationName = Release;
		};
		292A9A402684D2FD00552DBA /* Build configuration list for PBXNativeTarget "SimpleDesktopsTests" */ = {
			isa = XCConfigurationList;
			buildConfigurations = (
				292A9A3E2684D2FD00552DBA /* Debug */,
				292A9A3F2684D2FD00552DBA /* Release */,
			);
			defaultConfigurationIsVisible = 0;
			defaultConfigurationName = Release;
		};
		294A4B2825B01E6500DA8631 /* Build configuration list for PBXProject "SimpleDesktops" */ = {
			isa = XCConfigurationList;
			buildConfigurations = (
				294A4B4025B01E6600DA8631 /* Debug */,
				294A4B4125B01E6600DA8631 /* Release */,
			);
			defaultConfigurationIsVisible = 0;
			defaultConfigurationName = Release;
		};
		294A4B4225B01E6600DA8631 /* Build configuration list for PBXNativeTarget "Simple Desktops" */ = {
			isa = XCConfigurationList;
			buildConfigurations = (
				294A4B4325B01E6600DA8631 /* Debug */,
				294A4B4425B01E6600DA8631 /* Release */,
			);
			defaultConfigurationIsVisible = 0;
			defaultConfigurationName = Release;
		};
/* End XCConfigurationList section */

/* Begin XCRemoteSwiftPackageReference section */
		297CE0CE26FEBD3A009EFB5F /* XCRemoteSwiftPackageReference "Kingfisher" */ = {
			isa = XCRemoteSwiftPackageReference;
			repositoryURL = "https://github.com/onevcat/Kingfisher";
			requirement = {
				kind = upToNextMajorVersion;
				minimumVersion = 7.0.0;
			};
		};
		29E054F025B0671B00BACF46 /* XCRemoteSwiftPackageReference "SwiftSoup" */ = {
			isa = XCRemoteSwiftPackageReference;
			repositoryURL = "https://github.com/scinfu/SwiftSoup.git";
			requirement = {
				kind = upToNextMajorVersion;
				minimumVersion = 2.3.2;
			};
		};
/* End XCRemoteSwiftPackageReference section */

/* Begin XCSwiftPackageProductDependency section */
		297CE0CF26FEBD3A009EFB5F /* Kingfisher */ = {
			isa = XCSwiftPackageProductDependency;
			package = 297CE0CE26FEBD3A009EFB5F /* XCRemoteSwiftPackageReference "Kingfisher" */;
			productName = Kingfisher;
		};
		29E054F125B0671B00BACF46 /* SwiftSoup */ = {
			isa = XCSwiftPackageProductDependency;
			package = 29E054F025B0671B00BACF46 /* XCRemoteSwiftPackageReference "SwiftSoup" */;
			productName = SwiftSoup;
		};
/* End XCSwiftPackageProductDependency section */

/* Begin XCVersionGroup section */
		294A4B3B25B01E6600DA8631 /* SimpleDesktops.xcdatamodeld */ = {
			isa = XCVersionGroup;
			children = (
				294A4B3C25B01E6600DA8631 /* SimpleDesktops.xcdatamodel */,
			);
			currentVersion = 294A4B3C25B01E6600DA8631 /* SimpleDesktops.xcdatamodel */;
			path = SimpleDesktops.xcdatamodeld;
			sourceTree = "<group>";
			versionGroupType = wrapper.xcdatamodel;
		};
/* End XCVersionGroup section */
	};
	rootObject = 294A4B2525B01E6500DA8631 /* Project object */;
}
